
Microsoft Visual Studio Solution File, Format Version 12.00
# Visual Studio Version 16
VisualStudioVersion = 16.0.30907.101
MinimumVisualStudioVersion = 10.0.40219.1
Project("{FAE04EC0-301F-11D3-BF4B-00C04F79EFBC}") = "GitTest", "GitTest\GitTest.csproj", "{C5889EC8-106C-4B55-9FB4-0FD6C358BFE8}"
EndProject
Global
	GlobalSection(SolutionConfigurationPlatforms) = preSolution
		Debug|Any CPU = Debug|Any CPU
		Release|Any CPU = Release|Any CPU
	EndGlobalSection
	GlobalSection(ProjectConfigurationPlatforms) = postSolution
		{C5889EC8-106C-4B55-9FB4-0FD6C358BFE8}.Debug|Any CPU.ActiveCfg = Debug|Any CPU
		{C5889EC8-106C-4B55-9FB4-0FD6C358BFE8}.Debug|Any CPU.Build.0 = Debug|Any CPU
		{C5889EC8-106C-4B55-9FB4-0FD6C358BFE8}.Release|Any CPU.ActiveCfg = Release|Any CPU
		{C5889EC8-106C-4B55-9FB4-0FD6C358BFE8}.Release|Any CPU.Build.0 = Release|Any CPU
	EndGlobalSection
	GlobalSection(SolutionProperties) = preSolution
		HideSolutionNode = FALSE
	EndGlobalSection
	GlobalSection(ExtensibilityGlobals) = postSolution
		SolutionGuid = {3BA09701-FED1-4083-96AD-8928F1D680C5}
	EndGlobalSection
EndGlobal
